
Microsoft Visual Studio Solution File, Format Version 12.00
# Visual Studio Version 17
VisualStudioVersion = 17.10.35027.167
MinimumVisualStudioVersion = 10.0.40219.1
Project("{FAE04EC0-301F-11D3-BF4B-00C04F79EFBC}") = "TD1_partie1", "TD1_partie1\TD1_partie1.csproj", "{B6C79FD5-9811-4E83-AD60-9F7E92EBFA73}"
EndProject
Global
	GlobalSection(SolutionConfigurationPlatforms) = preSolution
		Debug|Any CPU = Debug|Any CPU
		Release|Any CPU = Release|Any CPU
	EndGlobalSection
	GlobalSection(ProjectConfigurationPlatforms) = postSolution
		{B6C79FD5-9811-4E83-AD60-9F7E92EBFA73}.Debug|Any CPU.ActiveCfg = Debug|Any CPU
		{B6C79FD5-9811-4E83-AD60-9F7E92EBFA73}.Debug|Any CPU.Build.0 = Debug|Any CPU
		{B6C79FD5-9811-4E83-AD60-9F7E92EBFA73}.Release|Any CPU.ActiveCfg = Release|Any CPU
		{B6C79FD5-9811-4E83-AD60-9F7E92EBFA73}.Release|Any CPU.Build.0 = Release|Any CPU
	EndGlobalSection
	GlobalSection(SolutionProperties) = preSolution
		HideSolutionNode = FALSE
	EndGlobalSection
	GlobalSection(ExtensibilityGlobals) = postSolution
		SolutionGuid = {8F8C78E4-2AE8-4B5F-A1C2-6AEBAD578C7D}
	EndGlobalSection
EndGlobal
